{
  "nodes": {
    "nixpkgs": {
      "locked": {
        "lastModified": 1686135559,
        "narHash": "sha256-pY8waAV8K/sbHBdLn5diPFnQKpNg0YS9w03MrD2lUGE=",
        "path": "/nix/store/bnxsxy7agqj5yh1qdrp6m69kw9ln8f7k-source",
        "rev": "381e92a35e2d196fdd6077680dca0cd0197e75cb",
        "type": "path"
      },
      "original": {
        "id": "nixpkgs",
        "type": "indirect"
      }
    },
    "root": {
      "inputs": {
        "nixpkgs": "nixpkgs"
      }
    }
  },
  "root": "root",
  "version": 7
}
